# This file was autogenerated by Stack.
# You should not edit this file by hand.
# For more information, please see the documentation at:
#   https://docs.haskellstack.org/en/stable/lock_files

packages:
- completed:
    hackage: extensible-0.7.1@sha256:feee1d0109e716075a72334a02086b4969cd52537661ffb5fd959ce5f9c01e25,2894
    pantry-tree:
      size: 2097
      sha256: 0074e55cf4bdd916bb157137f580560d589d18d0e88e0b2b85f8a3239aaacf5d
  original:
    hackage: extensible-0.7.1
- completed:
    hackage: membership-0@sha256:3a11d8fd53cb1a76bb9273e6c929bbf9d649f109714bf487abb3143be04ddc81,995
    pantry-tree:
      size: 408
      sha256: 3b593e0d14e848e318e745555776ebb25210e5e3dec4fde5d3c08ab51ceddc62
  original:
    hackage: membership-0
- completed:
    cabal-file:
      size: 24374
      sha256: 5bac7ed1a74675bb6e2a19ea8d9c14ae1e1f590bfdfb23813307aefd46d25623
    name: morpheus-graphql
    version: 0.10.1
    git: https://github.com/charlescrain/morpheus-graphql
    pantry-tree:
      size: 39847
      sha256: 5fbfeab6b1234076e5ec78a49c42f39caac52ba7e329ebd61cbdd0ae9572822a
    commit: 901e39653878f8bcea096b7b6d0f149f478cf564
  original:
    git: https://github.com/charlescrain/morpheus-graphql
    commit: 901e39653878f8bcea096b7b6d0f149f478cf564
- completed:
    cabal-file:
      size: 3352
      sha256: 9aa0e7957e8bb9d27fea6c714fc6cbe19f795d41605ae1fd12f59843d3d85f56
    name: graphql-parser
    version: 0.1.0.0
    git: https://github.com/Pixura/graphql-parser-hs
    pantry-tree:
      size: 1944
      sha256: 024bbdb7ec49da63a55ab372f1c6f6c3d9f3254b3fd7671c9a518f5f786891d9
    commit: 553c8a19df775fdf7da038361b430e6e6b9653d1
  original:
    git: https://github.com/Pixura/graphql-parser-hs
    commit: 553c8a19df775fdf7da038361b430e6e6b9653d1
snapshots:
- completed:
    size: 524163
    url: https://raw.githubusercontent.com/commercialhaskell/stackage-snapshots/master/lts/14/25.yaml
    sha256: 97548b4e927a8a862d4a203687ca18a3f5d2ae75b4b72c946fb29c17df1a5082
  original: lts-14.25
