# This file was autogenerated by Stack.
# You should not edit this file by hand.
# For more information, please see the documentation at:
#   https://docs.haskellstack.org/en/stable/lock_files

packages:
- completed:
    hackage: extensible-0.8@sha256:45ca089909ae434329e4d05dc557be94ff04f24c43ff9b915bd90c0599c83211,2911
    pantry-tree:
      size: 2097
      sha256: d602c9d623afd9186a4d55898ef97f0dfb7f81ffbd5bae86e2238b3694d702fb
  original:
    hackage: extensible-0.8
- completed:
    hackage: membership-0@sha256:3a11d8fd53cb1a76bb9273e6c929bbf9d649f109714bf487abb3143be04ddc81,995
    pantry-tree:
      size: 408
      sha256: 3b593e0d14e848e318e745555776ebb25210e5e3dec4fde5d3c08ab51ceddc62
  original:
    hackage: membership-0
- completed:
    cabal-file:
      size: 3352
      sha256: 9aa0e7957e8bb9d27fea6c714fc6cbe19f795d41605ae1fd12f59843d3d85f56
    name: graphql-parser
    version: 0.1.0.0
    git: https://github.com/Pixura/graphql-parser-hs
    pantry-tree:
      size: 1944
      sha256: 619c5c8fe7ece589c3d7ce1531941a50bf146161b9e24285b630e464a8970607
    commit: b4f512e909ed6fa32a68e92e159bfa5ee4118f61
  original:
    git: https://github.com/Pixura/graphql-parser-hs
    commit: b4f512e909ed6fa32a68e92e159bfa5ee4118f61
snapshots:
- completed:
    size: 524996
    url: https://raw.githubusercontent.com/commercialhaskell/stackage-snapshots/master/lts/14/27.yaml
    sha256: 7ea31a280c56bf36ff591a7397cc384d0dff622e7f9e4225b47d8980f019a0f0
  original: lts-14.27
